// !$*UTF8*$!
{
	archiveVersion = 1;
	classes = {
	};
	objectVersion = 77;
	objects = {

/* Begin PBXBuildFile section */
		3F22637C2F79646F00AE82DF /* DisclaimerView.swift in Sources */ = {isa = PBXBuildFile; fileRef = 3F22637B2F79646F00AE82DF /* DisclaimerView.swift */; };
		3F22637D2F79646F00AE82DF /* DisclaimerView.swift in Sources */ = {isa = PBXBuildFile; fileRef = 3F22637B2F79646F00AE82DF /* DisclaimerView.swift */; };
		3F22637F2F79649500AE82DF /* DISCLAIMER_IMPLEMENTATION.md in Resources */ = {isa = PBXBuildFile; fileRef = 3F22637E2F79649500AE82DF /* DISCLAIMER_IMPLEMENTATION.md */; };
		3F2263802F79649500AE82DF /* DISCLAIMER_IMPLEMENTATION.md in Resources */ = {isa = PBXBuildFile; fileRef = 3F22637E2F79649500AE82DF /* DISCLAIMER_IMPLEMENTATION.md */; };
		3F2263822F7965B500AE82DF /* PrivacyInfo.xcprivacy in Resources */ = {isa = PBXBuildFile; fileRef = 3F2263812F7965B500AE82DF /* PrivacyInfo.xcprivacy */; };
		3F2263832F7965B500AE82DF /* PrivacyInfo.xcprivacy in Resources */ = {isa = PBXBuildFile; fileRef = 3F2263812F7965B500AE82DF /* PrivacyInfo.xcprivacy */; };
		3F2263852F7965BD00AE82DF /* WidgetExtensionPrivacyInfo.xcprivacy in Resources */ = {isa = PBXBuildFile; fileRef = 3F2263842F7965BD00AE82DF /* WidgetExtensionPrivacyInfo.xcprivacy */; };
		3F2263862F7965BD00AE82DF /* WidgetExtensionPrivacyInfo.xcprivacy in Resources */ = {isa = PBXBuildFile; fileRef = 3F2263842F7965BD00AE82DF /* WidgetExtensionPrivacyInfo.xcprivacy */; };
		3F22638F2F79663900AE82DF /* PRIVACY_CHECKLIST.md in Resources */ = {isa = PBXBuildFile; fileRef = 3F22638E2F79663900AE82DF /* PRIVACY_CHECKLIST.md */; };
		3F2263902F79663900AE82DF /* PRIVACY_CHECKLIST.md in Resources */ = {isa = PBXBuildFile; fileRef = 3F22638E2F79663900AE82DF /* PRIVACY_CHECKLIST.md */; };
		3F65A6CC2F5937EE0000CE3A /* ColorScheme.swift in Sources */ = {isa = PBXBuildFile; fileRef = 3F65A6CB2F5937EE0000CE3A /* ColorScheme.swift */; };
		3F65A6CD2F5938BE0000CE3A /* ColorScheme.swift in Sources */ = {isa = PBXBuildFile; fileRef = 3F65A6CB2F5937EE0000CE3A /* ColorScheme.swift */; };
		3FF6D8E72F58ADC8002B95D6 /* WidgetKit.framework in Frameworks */ = {isa = PBXBuildFile; fileRef = 3FF6D8E62F58ADC8002B95D6 /* WidgetKit.framework */; };
		3FF6D8E92F58ADC8002B95D6 /* SwiftUI.framework in Frameworks */ = {isa = PBXBuildFile; fileRef = 3FF6D8E82F58ADC8002B95D6 /* SwiftUI.framework */; };
		3FF6D8F82F58ADCA002B95D6 /* MyWidgetExtension.appex in Embed Foundation Extensions */ = {isa = PBXBuildFile; fileRef = 3FF6D8E42F58ADC8002B95D6 /* MyWidgetExtension.appex */; settings = {ATTRIBUTES = (RemoveHeadersOnCopy, ); }; };
		3FFB8EE02F59B96A008BD299 /* LocalizationManager.swift in Sources */ = {isa = PBXBuildFile; fileRef = 3FFB8EDF2F59B969008BD299 /* LocalizationManager.swift */; };
		3FFB8EE12F59B96A008BD299 /* LocalizationManager.swift in Sources */ = {isa = PBXBuildFile; fileRef = 3FFB8EDF2F59B969008BD299 /* LocalizationManager.swift */; };
		3FFB8EE32F59B96F008BD299 /* LocalizationPreferences.swift in Sources */ = {isa = PBXBuildFile; fileRef = 3FFB8EE22F59B96F008BD299 /* LocalizationPreferences.swift */; };
		3FFB8EE42F59B96F008BD299 /* LocalizationPreferences.swift in Sources */ = {isa = PBXBuildFile; fileRef = 3FFB8EE22F59B96F008BD299 /* LocalizationPreferences.swift */; };
		3FFB8EE62F59B9B2008BD299 /* LocalizedStrings.swift in Sources */ = {isa = PBXBuildFile; fileRef = 3FFB8EE52F59B9B2008BD299 /* LocalizedStrings.swift */; };
		3FFB8EE72F59B9B2008BD299 /* LocalizedStrings.swift in Sources */ = {isa = PBXBuildFile; fileRef = 3FFB8EE52F59B9B2008BD299 /* LocalizedStrings.swift */; };
		3FFB8EE92F59B9CC008BD299 /* LanguagePickerView.swift in Sources */ = {isa = PBXBuildFile; fileRef = 3FFB8EE82F59B9CC008BD299 /* LanguagePickerView.swift */; };
		3FFB8EEA2F59B9CC008BD299 /* LanguagePickerView.swift in Sources */ = {isa = PBXBuildFile; fileRef = 3FFB8EE82F59B9CC008BD299 /* LanguagePickerView.swift */; };
		3FFB8EEC2F59BA39008BD299 /* LocalizationUsageGuide.swift in Sources */ = {isa = PBXBuildFile; fileRef = 3FFB8EEB2F59BA39008BD299 /* LocalizationUsageGuide.swift */; };
		3FFB8EED2F59BA39008BD299 /* LocalizationUsageGuide.swift in Sources */ = {isa = PBXBuildFile; fileRef = 3FFB8EEB2F59BA39008BD299 /* LocalizationUsageGuide.swift */; };
		3FFB8EF52F59BB73008BD299 /* LocalizedText.swift in Sources */ = {isa = PBXBuildFile; fileRef = 3FFB8EF42F59BB73008BD299 /* LocalizedText.swift */; };
		3FFB8EF62F59BB73008BD299 /* LocalizedText.swift in Sources */ = {isa = PBXBuildFile; fileRef = 3FFB8EF42F59BB73008BD299 /* LocalizedText.swift */; };
		3FFB8F612F59D9A8008BD299 /* WIDGET_LOCALIZATION_CHANGES.md in Resources */ = {isa = PBXBuildFile; fileRef = 3FFB8F602F59D9A8008BD299 /* WIDGET_LOCALIZATION_CHANGES.md */; };
		3FFB8F622F59D9A8008BD299 /* WIDGET_LOCALIZATION_CHANGES.md in Resources */ = {isa = PBXBuildFile; fileRef = 3FFB8F602F59D9A8008BD299 /* WIDGET_LOCALIZATION_CHANGES.md */; };
/* End PBXBuildFile section */

/* Begin PBXContainerItemProxy section */
		3FF6D8C42F58AD73002B95D6 /* PBXContainerItemProxy */ = {
			isa = PBXContainerItemProxy;
			containerPortal = 3FF6D8AE2F58AD71002B95D6 /* Project object */;
			proxyType = 1;
			remoteGlobalIDString = 3FF6D8B52F58AD71002B95D6;
			remoteInfo = SafeDial;
		};
		3FF6D8CE2F58AD73002B95D6 /* PBXContainerItemProxy */ = {
			isa = PBXContainerItemProxy;
			containerPortal = 3FF6D8AE2F58AD71002B95D6 /* Project object */;
			proxyType = 1;
			remoteGlobalIDString = 3FF6D8B52F58AD71002B95D6;
			remoteInfo = SafeDial;
		};
		3FF6D8F62F58ADCA002B95D6 /* PBXContainerItemProxy */ = {
			isa = PBXContainerItemProxy;
			containerPortal = 3FF6D8AE2F58AD71002B95D6 /* Project object */;
			proxyType = 1;
			remoteGlobalIDString = 3FF6D8E32F58ADC8002B95D6;
			remoteInfo = MyWidgetExtension;
		};
/* End PBXContainerItemProxy section */

/* Begin PBXCopyFilesBuildPhase section */
		3FF6D8FD2F58ADCA002B95D6 /* Embed Foundation Extensions */ = {
			isa = PBXCopyFilesBuildPhase;
			buildActionMask = 2147483647;
			dstPath = "";
			dstSubfolderSpec = 13;
			files = (
				3FF6D8F82F58ADCA002B95D6 /* MyWidgetExtension.appex in Embed Foundation Extensions */,
			);
			name = "Embed Foundation Extensions";
			runOnlyForDeploymentPostprocessing = 0;
		};
/* End PBXCopyFilesBuildPhase section */

/* Begin PBXFileReference section */
		3F22637B2F79646F00AE82DF /* DisclaimerView.swift */ = {isa = PBXFileReference; lastKnownFileType = sourcecode.swift; path = DisclaimerView.swift; sourceTree = "<group>"; };
		3F22637E2F79649500AE82DF /* DISCLAIMER_IMPLEMENTATION.md */ = {isa = PBXFileReference; lastKnownFileType = net.daringfireball.markdown; path = DISCLAIMER_IMPLEMENTATION.md; sourceTree = "<group>"; };
		3F2263812F7965B500AE82DF /* PrivacyInfo.xcprivacy */ = {isa = PBXFileReference; lastKnownFileType = text.xml; path = PrivacyInfo.xcprivacy; sourceTree = "<group>"; };
		3F2263842F7965BD00AE82DF /* WidgetExtensionPrivacyInfo.xcprivacy */ = {isa = PBXFileReference; lastKnownFileType = text.xml; path = WidgetExtensionPrivacyInfo.xcprivacy; sourceTree = "<group>"; };
		3F22638E2F79663900AE82DF /* PRIVACY_CHECKLIST.md */ = {isa = PBXFileReference; lastKnownFileType = net.daringfireball.markdown; path = PRIVACY_CHECKLIST.md; sourceTree = "<group>"; };
		3F65A6CA2F58EBB20000CE3A /* MyWidgetExtension.entitlements */ = {isa = PBXFileReference; lastKnownFileType = text.plist.entitlements; path = MyWidgetExtension.entitlements; sourceTree = "<group>"; };
		3F65A6CB2F5937EE0000CE3A /* ColorScheme.swift */ = {isa = PBXFileReference; lastKnownFileType = sourcecode.swift; path = ColorScheme.swift; sourceTree = "<group>"; };
		3FF6D8B62F58AD71002B95D6 /* SafeDial.app */ = {isa = PBXFileReference; explicitFileType = wrapper.application; includeInIndex = 0; path = SafeDial.app; sourceTree = BUILT_PRODUCTS_DIR; };
		3FF6D8C32F58AD73002B95D6 /* SafeDialTests.xctest */ = {isa = PBXFileReference; explicitFileType = wrapper.cfbundle; includeInIndex = 0; path = SafeDialTests.xctest; sourceTree = BUILT_PRODUCTS_DIR; };
		3FF6D8CD2F58AD73002B95D6 /* SafeDialUITests.xctest */ = {isa = PBXFileReference; explicitFileType = wrapper.cfbundle; includeInIndex = 0; path = SafeDialUITests.xctest; sourceTree = BUILT_PRODUCTS_DIR; };
		3FF6D8E42F58ADC8002B95D6 /* MyWidgetExtension.appex */ = {isa = PBXFileReference; explicitFileType = "wrapper.app-extension"; includeInIndex = 0; path = MyWidgetExtension.appex; sourceTree = BUILT_PRODUCTS_DIR; };
		3FF6D8E62F58ADC8002B95D6 /* WidgetKit.framework */ = {isa = PBXFileReference; lastKnownFileType = wrapper.framework; name = WidgetKit.framework; path = System/Library/Frameworks/WidgetKit.framework; sourceTree = SDKROOT; };
		3FF6D8E82F58ADC8002B95D6 /* SwiftUI.framework */ = {isa = PBXFileReference; lastKnownFileType = wrapper.framework; name = SwiftUI.framework; path = System/Library/Frameworks/SwiftUI.framework; sourceTree = SDKROOT; };
		3FFB8EDF2F59B969008BD299 /* LocalizationManager.swift */ = {isa = PBXFileReference; lastKnownFileType = sourcecode.swift; path = LocalizationManager.swift; sourceTree = "<group>"; };
		3FFB8EE22F59B96F008BD299 /* LocalizationPreferences.swift */ = {isa = PBXFileReference; lastKnownFileType = sourcecode.swift; path = LocalizationPreferences.swift; sourceTree = "<group>"; };
		3FFB8EE52F59B9B2008BD299 /* LocalizedStrings.swift */ = {isa = PBXFileReference; lastKnownFileType = sourcecode.swift; path = LocalizedStrings.swift; sourceTree = "<group>"; };
		3FFB8EE82F59B9CC008BD299 /* LanguagePickerView.swift */ = {isa = PBXFileReference; lastKnownFileType = sourcecode.swift; path = LanguagePickerView.swift; sourceTree = "<group>"; };
		3FFB8EEB2F59BA39008BD299 /* LocalizationUsageGuide.swift */ = {isa = PBXFileReference; lastKnownFileType = sourcecode.swift; path = LocalizationUsageGuide.swift; sourceTree = "<group>"; };
		3FFB8EF42F59BB73008BD299 /* LocalizedText.swift */ = {isa = PBXFileReference; lastKnownFileType = sourcecode.swift; path = LocalizedText.swift; sourceTree = "<group>"; };
		3FFB8F602F59D9A8008BD299 /* WIDGET_LOCALIZATION_CHANGES.md */ = {isa = PBXFileReference; lastKnownFileType = net.daringfireball.markdown; path = WIDGET_LOCALIZATION_CHANGES.md; sourceTree = "<group>"; };
/* End PBXFileReference section */

/* Begin PBXFileSystemSynchronizedBuildFileExceptionSet section */
		3F2A477A2F58B83A00F30EF9 /* Exceptions for "MyWidget" folder in "SafeDial" target */ = {
			isa = PBXFileSystemSynchronizedBuildFileExceptionSet;
			membershipExceptions = (
				AppGroup.swift,
				EmergencyService.swift,
				LocationManager.swift,
				WidgetUpdateManager.swift,
			);
			target = 3FF6D8B52F58AD71002B95D6 /* SafeDial */;
		};
		3F2A477B2F58B83A00F30EF9 /* Exceptions for "MyWidget" folder in "SafeDialTests" target */ = {
			isa = PBXFileSystemSynchronizedBuildFileExceptionSet;
			membershipExceptions = (
				AppGroup.swift,
			);
			target = 3FF6D8C22F58AD73002B95D6 /* SafeDialTests */;
		};
		3F2A477C2F58B83A00F30EF9 /* Exceptions for "MyWidget" folder in "SafeDialUITests" target */ = {
			isa = PBXFileSystemSynchronizedBuildFileExceptionSet;
			membershipExceptions = (
				AppGroup.swift,
			);
			target = 3FF6D8CC2F58AD73002B95D6 /* SafeDialUITests */;
		};
		3F57BABD2F58D48A00C79A9D /* Exceptions for "SafeDial" folder in "SafeDial" target */ = {
			isa = PBXFileSystemSynchronizedBuildFileExceptionSet;
			membershipExceptions = (
				Assets/android/play_store_512.png,
				"Assets/android/res/mipmap-anydpi-v26/ic_launcher.xml",
				"Assets/android/res/mipmap-hdpi/ic_launcher_background.png",
				"Assets/android/res/mipmap-hdpi/ic_launcher_foreground.png",
				"Assets/android/res/mipmap-hdpi/ic_launcher_monochrome.png",
				"Assets/android/res/mipmap-hdpi/ic_launcher.png",
				"Assets/android/res/mipmap-mdpi/ic_launcher_background.png",
				"Assets/android/res/mipmap-mdpi/ic_launcher_foreground.png",
				"Assets/android/res/mipmap-mdpi/ic_launcher_monochrome.png",
				"Assets/android/res/mipmap-mdpi/ic_launcher.png",
				"Assets/android/res/mipmap-xhdpi/ic_launcher_background.png",
				"Assets/android/res/mipmap-xhdpi/ic_launcher_foreground.png",
				"Assets/android/res/mipmap-xhdpi/ic_launcher_monochrome.png",
				"Assets/android/res/mipmap-xhdpi/ic_launcher.png",
				"Assets/android/res/mipmap-xxhdpi/ic_launcher_background.png",
				"Assets/android/res/mipmap-xxhdpi/ic_launcher_foreground.png",
				"Assets/android/res/mipmap-xxhdpi/ic_launcher_monochrome.png",
				"Assets/android/res/mipmap-xxhdpi/ic_launcher.png",
				"Assets/android/res/mipmap-xxxhdpi/ic_launcher_background.png",
				"Assets/android/res/mipmap-xxxhdpi/ic_launcher_foreground.png",
				"Assets/android/res/mipmap-xxxhdpi/ic_launcher_monochrome.png",
				"Assets/android/res/mipmap-xxxhdpi/ic_launcher.png",
				Info.plist,
			);
			target = 3FF6D8B52F58AD71002B95D6 /* SafeDial */;
		};
		3FF6D8F92F58ADCA002B95D6 /* Exceptions for "MyWidget" folder in "MyWidgetExtension" target */ = {
			isa = PBXFileSystemSynchronizedBuildFileExceptionSet;
			membershipExceptions = (
				Info.plist,
			);
			target = 3FF6D8E32F58ADC8002B95D6 /* MyWidgetExtension */;
		};
/* End PBXFileSystemSynchronizedBuildFileExceptionSet section */

/* Begin PBXFileSystemSynchronizedRootGroup section */
		3FF6D8B82F58AD71002B95D6 /* SafeDial */ = {
			isa = PBXFileSystemSynchronizedRootGroup;
			exceptions = (
				3F57BABD2F58D48A00C79A9D /* Exceptions for "SafeDial" folder in "SafeDial" target */,
			);
			path = SafeDial;
			sourceTree = "<group>";
		};
		3FF6D8C62F58AD73002B95D6 /* SafeDialTests */ = {
			isa = PBXFileSystemSynchronizedRootGroup;
			path = SafeDialTests;
			sourceTree = "<group>";
		};
		3FF6D8D02F58AD73002B95D6 /* SafeDialUITests */ = {
			isa = PBXFileSystemSynchronizedRootGroup;
			path = SafeDialUITests;
			sourceTree = "<group>";
		};
		3FF6D8EA2F58ADC8002B95D6 /* MyWidget */ = {
			isa = PBXFileSystemSynchronizedRootGroup;
			exceptions = (
				3F2A477A2F58B83A00F30EF9 /* Exceptions for "MyWidget" folder in "SafeDial" target */,
				3F2A477B2F58B83A00F30EF9 /* Exceptions for "MyWidget" folder in "SafeDialTests" target */,
				3F2A477C2F58B83A00F30EF9 /* Exceptions for "MyWidget" folder in "SafeDialUITests" target */,
				3FF6D8F92F58ADCA002B95D6 /* Exceptions for "MyWidget" folder in "MyWidgetExtension" target */,
			);
			path = MyWidget;
			sourceTree = "<group>";
		};
/* End PBXFileSystemSynchronizedRootGroup section */

/* Begin PBXFrameworksBuildPhase section */
		3FF6D8B32F58AD71002B95D6 /* Frameworks */ = {
			isa = PBXFrameworksBuildPhase;
			buildActionMask = 2147483647;
			files = (
			);
			runOnlyForDeploymentPostprocessing = 0;
		};
		3FF6D8C02F58AD73002B95D6 /* Frameworks */ = {
			isa = PBXFrameworksBuildPhase;
			buildActionMask = 2147483647;
			files = (
			);
			runOnlyForDeploymentPostprocessing = 0;
		};
		3FF6D8CA2F58AD73002B95D6 /* Frameworks */ = {
			isa = PBXFrameworksBuildPhase;
			buildActionMask = 2147483647;
			files = (
			);
			runOnlyForDeploymentPostprocessing = 0;
		};
		3FF6D8E12F58ADC8002B95D6 /* Frameworks */ = {
			isa = PBXFrameworksBuildPhase;
			buildActionMask = 2147483647;
			files = (
				3FF6D8E92F58ADC8002B95D6 /* SwiftUI.framework in Frameworks */,
				3FF6D8E72F58ADC8002B95D6 /* WidgetKit.framework in Frameworks */,
			);
			runOnlyForDeploymentPostprocessing = 0;
		};
/* End PBXFrameworksBuildPhase section */

/* Begin PBXGroup section */
		3FF6D8AD2F58AD71002B95D6 = {
			isa = PBXGroup;
			children = (
				3F65A6CA2F58EBB20000CE3A /* MyWidgetExtension.entitlements */,
				3FF6D8B82F58AD71002B95D6 /* SafeDial */,
				3FF6D8C62F58AD73002B95D6 /* SafeDialTests */,
				3FF6D8D02F58AD73002B95D6 /* SafeDialUITests */,
				3FF6D8EA2F58ADC8002B95D6 /* MyWidget */,
				3FF6D8E52F58ADC8002B95D6 /* Frameworks */,
				3F65A6CB2F5937EE0000CE3A /* ColorScheme.swift */,
				3FF6D8B72F58AD71002B95D6 /* Products */,
				3FFB8EDF2F59B969008BD299 /* LocalizationManager.swift */,
				3FFB8EE22F59B96F008BD299 /* LocalizationPreferences.swift */,
				3FFB8EE52F59B9B2008BD299 /* LocalizedStrings.swift */,
				3FFB8EE82F59B9CC008BD299 /* LanguagePickerView.swift */,
				3FFB8EEB2F59BA39008BD299 /* LocalizationUsageGuide.swift */,
				3FFB8EF42F59BB73008BD299 /* LocalizedText.swift */,
				3FFB8F602F59D9A8008BD299 /* WIDGET_LOCALIZATION_CHANGES.md */,
				3F22637B2F79646F00AE82DF /* DisclaimerView.swift */,
				3F22637E2F79649500AE82DF /* DISCLAIMER_IMPLEMENTATION.md */,
				3F2263812F7965B500AE82DF /* PrivacyInfo.xcprivacy */,
				3F2263842F7965BD00AE82DF /* WidgetExtensionPrivacyInfo.xcprivacy */,
				3F22638E2F79663900AE82DF /* PRIVACY_CHECKLIST.md */,
			);
			sourceTree = "<group>";
		};
		3FF6D8B72F58AD71002B95D6 /* Products */ = {
			isa = PBXGroup;
			children = (
				3FF6D8B62F58AD71002B95D6 /* SafeDial.app */,
				3FF6D8C32F58AD73002B95D6 /* SafeDialTests.xctest */,
				3FF6D8CD2F58AD73002B95D6 /* SafeDialUITests.xctest */,
				3FF6D8E42F58ADC8002B95D6 /* MyWidgetExtension.appex */,
			);
			name = Products;
			sourceTree = "<group>";
		};
		3FF6D8E52F58ADC8002B95D6 /* Frameworks */ = {
			isa = PBXGroup;
			children = (
				3FF6D8E62F58ADC8002B95D6 /* WidgetKit.framework */,
				3FF6D8E82F58ADC8002B95D6 /* SwiftUI.framework */,
			);
			name = Frameworks;
			sourceTree = "<group>";
		};
/* End PBXGroup section */

/* Begin PBXNativeTarget section */
		3FF6D8B52F58AD71002B95D6 /* SafeDial */ = {
			isa = PBXNativeTarget;
			buildConfigurationList = 3FF6D8D72F58AD73002B95D6 /* Build configuration list for PBXNativeTarget "SafeDial" */;
			buildPhases = (
				3FF6D8B22F58AD71002B95D6 /* Sources */,
				3FF6D8B32F58AD71002B95D6 /* Frameworks */,
				3FF6D8B42F58AD71002B95D6 /* Resources */,
				3FF6D8FD2F58ADCA002B95D6 /* Embed Foundation Extensions */,
			);
			buildRules = (
			);
			dependencies = (
				3FF6D8F72F58ADCA002B95D6 /* PBXTargetDependency */,
			);
			fileSystemSynchronizedGroups = (
				3FF6D8B82F58AD71002B95D6 /* SafeDial */,
			);
			name = SafeDial;
			packageProductDependencies = (
			);
			productName = SafeDial;
			productReference = 3FF6D8B62F58AD71002B95D6 /* SafeDial.app */;
			productType = "com.apple.product-type.application";
		};
		3FF6D8C22F58AD73002B95D6 /* SafeDialTests */ = {
			isa = PBXNativeTarget;
			buildConfigurationList = 3FF6D8DA2F58AD73002B95D6 /* Build configuration list for PBXNativeTarget "SafeDialTests" */;
			buildPhases = (
				3FF6D8BF2F58AD73002B95D6 /* Sources */,
				3FF6D8C02F58AD73002B95D6 /* Frameworks */,
				3FF6D8C12F58AD73002B95D6 /* Resources */,
			);
			buildRules = (
			);
			dependencies = (
				3FF6D8C52F58AD73002B95D6 /* PBXTargetDependency */,
			);
			fileSystemSynchronizedGroups = (
				3FF6D8C62F58AD73002B95D6 /* SafeDialTests */,
			);
			name = SafeDialTests;
			packageProductDependencies = (
			);
			productName = SafeDialTests;
			productReference = 3FF6D8C32F58AD73002B95D6 /* SafeDialTests.xctest */;
			productType = "com.apple.product-type.bundle.unit-test";
		};
		3FF6D8CC2F58AD73002B95D6 /* SafeDialUITests */ = {
			isa = PBXNativeTarget;
			buildConfigurationList = 3FF6D8DD2F58AD73002B95D6 /* Build configuration list for PBXNativeTarget "SafeDialUITests" */;
			buildPhases = (
				3FF6D8C92F58AD73002B95D6 /* Sources */,
				3FF6D8CA2F58AD73002B95D6 /* Frameworks */,
				3FF6D8CB2F58AD73002B95D6 /* Resources */,
			);
			buildRules = (
			);
			dependencies = (
				3FF6D8CF2F58AD73002B95D6 /* PBXTargetDependency */,
			);
			fileSystemSynchronizedGroups = (
				3FF6D8D02F58AD73002B95D6 /* SafeDialUITests */,
			);
			name = SafeDialUITests;
			packageProductDependencies = (
			);
			productName = SafeDialUITests;
			productReference = 3FF6D8CD2F58AD73002B95D6 /* SafeDialUITests.xctest */;
			productType = "com.apple.product-type.bundle.ui-testing";
		};
		3FF6D8E32F58ADC8002B95D6 /* MyWidgetExtension */ = {
			isa = PBXNativeTarget;
			buildConfigurationList = 3FF6D8FA2F58ADCA002B95D6 /* Build configuration list for PBXNativeTarget "MyWidgetExtension" */;
			buildPhases = (
				3FF6D8E02F58ADC8002B95D6 /* Sources */,
				3FF6D8E12F58ADC8002B95D6 /* Frameworks */,
				3FF6D8E22F58ADC8002B95D6 /* Resources */,
			);
			buildRules = (
			);
			dependencies = (
			);
			fileSystemSynchronizedGroups = (
				3FF6D8EA2F58ADC8002B95D6 /* MyWidget */,
			);
			name = MyWidgetExtension;
			packageProductDependencies = (
			);
			productName = MyWidgetExtension;
			productReference = 3FF6D8E42F58ADC8002B95D6 /* MyWidgetExtension.appex */;
			productType = "com.apple.product-type.app-extension";
		};
/* End PBXNativeTarget section */

/* Begin PBXProject section */
		3FF6D8AE2F58AD71002B95D6 /* Project object */ = {
			isa = PBXProject;
			attributes = {
				BuildIndependentTargetsInParallel = 1;
				LastSwiftUpdateCheck = 2610;
				LastUpgradeCheck = 2610;
				TargetAttributes = {
					3FF6D8B52F58AD71002B95D6 = {
						CreatedOnToolsVersion = 26.1.1;
					};
					3FF6D8C22F58AD73002B95D6 = {
						CreatedOnToolsVersion = 26.1.1;
						TestTargetID = 3FF6D8B52F58AD71002B95D6;
					};
					3FF6D8CC2F58AD73002B95D6 = {
						CreatedOnToolsVersion = 26.1.1;
						TestTargetID = 3FF6D8B52F58AD71002B95D6;
					};
					3FF6D8E32F58ADC8002B95D6 = {
						CreatedOnToolsVersion = 26.1.1;
					};
				};
			};
			buildConfigurationList = 3FF6D8B12F58AD71002B95D6 /* Build configuration list for PBXProject "SafeDial" */;
			developmentRegion = en;
			hasScannedForEncodings = 0;
			knownRegions = (
				en,
				Base,
			);
			mainGroup = 3FF6D8AD2F58AD71002B95D6;
			minimizedProjectReferenceProxies = 1;
			preferredProjectObjectVersion = 77;
			productRefGroup = 3FF6D8B72F58AD71002B95D6 /* Products */;
			projectDirPath = "";
			projectRoot = "";
			targets = (
				3FF6D8B52F58AD71002B95D6 /* SafeDial */,
				3FF6D8C22F58AD73002B95D6 /* SafeDialTests */,
				3FF6D8CC2F58AD73002B95D6 /* SafeDialUITests */,
				3FF6D8E32F58ADC8002B95D6 /* MyWidgetExtension */,
			);
		};
/* End PBXProject section */

/* Begin PBXResourcesBuildPhase section */
		3FF6D8B42F58AD71002B95D6 /* Resources */ = {
			isa = PBXResourcesBuildPhase;
			buildActionMask = 2147483647;
			files = (
				3FFB8F612F59D9A8008BD299 /* WIDGET_LOCALIZATION_CHANGES.md in Resources */,
				3F2263822F7965B500AE82DF /* PrivacyInfo.xcprivacy in Resources */,
				3F22638F2F79663900AE82DF /* PRIVACY_CHECKLIST.md in Resources */,
				3F2263802F79649500AE82DF /* DISCLAIMER_IMPLEMENTATION.md in Resources */,
				3F2263852F7965BD00AE82DF /* WidgetExtensionPrivacyInfo.xcprivacy in Resources */,
			);
			runOnlyForDeploymentPostprocessing = 0;
		};
		3FF6D8C12F58AD73002B95D6 /* Resources */ = {
			isa = PBXResourcesBuildPhase;
			buildActionMask = 2147483647;
			files = (
			);
			runOnlyForDeploymentPostprocessing = 0;
		};
		3FF6D8CB2F58AD73002B95D6 /* Resources */ = {
			isa = PBXResourcesBuildPhase;
			buildActionMask = 2147483647;
			files = (
			);
			runOnlyForDeploymentPostprocessing = 0;
		};
		3FF6D8E22F58ADC8002B95D6 /* Resources */ = {
			isa = PBXResourcesBuildPhase;
			buildActionMask = 2147483647;
			files = (
				3F2263832F7965B500AE82DF /* PrivacyInfo.xcprivacy in Resources */,
				3F2263862F7965BD00AE82DF /* WidgetExtensionPrivacyInfo.xcprivacy in Resources */,
				3F2263902F79663900AE82DF /* PRIVACY_CHECKLIST.md in Resources */,
				3F22637F2F79649500AE82DF /* DISCLAIMER_IMPLEMENTATION.md in Resources */,
				3FFB8F622F59D9A8008BD299 /* WIDGET_LOCALIZATION_CHANGES.md in Resources */,
			);
			runOnlyForDeploymentPostprocessing = 0;
		};
/* End PBXResourcesBuildPhase section */

/* Begin PBXSourcesBuildPhase section */
		3FF6D8B22F58AD71002B95D6 /* Sources */ = {
			isa = PBXSourcesBuildPhase;
			buildActionMask = 2147483647;
			files = (
				3FFB8EE12F59B96A008BD299 /* LocalizationManager.swift in Sources */,
				3FFB8EE92F59B9CC008BD299 /* LanguagePickerView.swift in Sources */,
				3F22637C2F79646F00AE82DF /* DisclaimerView.swift in Sources */,
				3FFB8EED2F59BA39008BD299 /* LocalizationUsageGuide.swift in Sources */,
				3FFB8EE32F59B96F008BD299 /* LocalizationPreferences.swift in Sources */,
				3FFB8EF52F59BB73008BD299 /* LocalizedText.swift in Sources */,
				3FFB8EE62F59B9B2008BD299 /* LocalizedStrings.swift in Sources */,
				3F65A6CD2F5938BE0000CE3A /* ColorScheme.swift in Sources */,
			);
			runOnlyForDeploymentPostprocessing = 0;
		};
		3FF6D8BF2F58AD73002B95D6 /* Sources */ = {
			isa = PBXSourcesBuildPhase;
			buildActionMask = 2147483647;
			files = (
			);
			runOnlyForDeploymentPostprocessing = 0;
		};
		3FF6D8C92F58AD73002B95D6 /* Sources */ = {
			isa = PBXSourcesBuildPhase;
			buildActionMask = 2147483647;
			files = (
			);
			runOnlyForDeploymentPostprocessing = 0;
		};
		3FF6D8E02F58ADC8002B95D6 /* Sources */ = {
			isa = PBXSourcesBuildPhase;
			buildActionMask = 2147483647;
			files = (
				3FFB8EF62F59BB73008BD299 /* LocalizedText.swift in Sources */,
				3FFB8EEC2F59BA39008BD299 /* LocalizationUsageGuide.swift in Sources */,
				3F65A6CC2F5937EE0000CE3A /* ColorScheme.swift in Sources */,
				3FFB8EE02F59B96A008BD299 /* LocalizationManager.swift in Sources */,
				3FFB8EEA2F59B9CC008BD299 /* LanguagePickerView.swift in Sources */,
				3FFB8EE42F59B96F008BD299 /* LocalizationPreferences.swift in Sources */,
				3F22637D2F79646F00AE82DF /* DisclaimerView.swift in Sources */,
				3FFB8EE72F59B9B2008BD299 /* LocalizedStrings.swift in Sources */,
			);
			runOnlyForDeploymentPostprocessing = 0;
		};
/* End PBXSourcesBuildPhase section */

/* Begin PBXTargetDependency section */
		3FF6D8C52F58AD73002B95D6 /* PBXTargetDependency */ = {
			isa = PBXTargetDependency;
			target = 3FF6D8B52F58AD71002B95D6 /* SafeDial */;
			targetProxy = 3FF6D8C42F58AD73002B95D6 /* PBXContainerItemProxy */;
		};
		3FF6D8CF2F58AD73002B95D6 /* PBXTargetDependency */ = {
			isa = PBXTargetDependency;
			target = 3FF6D8B52F58AD71002B95D6 /* SafeDial */;
			targetProxy = 3FF6D8CE2F58AD73002B95D6 /* PBXContainerItemProxy */;
		};
		3FF6D8F72F58ADCA002B95D6 /* PBXTargetDependency */ = {
			isa = PBXTargetDependency;
			target = 3FF6D8E32F58ADC8002B95D6 /* MyWidgetExtension */;
			targetProxy = 3FF6D8F62F58ADCA002B95D6 /* PBXContainerItemProxy */;
		};
/* End PBXTargetDependency section */

/* Begin XCBuildConfiguration section */
		3FF6D8D52F58AD73002B95D6 /* Debug */ = {
			isa = XCBuildConfiguration;
			buildSettings = {
				ALWAYS_SEARCH_USER_PATHS = NO;
				ASSETCATALOG_COMPILER_GENERATE_SWIFT_ASSET_SYMBOL_EXTENSIONS = YES;
				CLANG_ANALYZER_NONNULL = YES;
				CLANG_ANALYZER_NUMBER_OBJECT_CONVERSION = YES_AGGRESSIVE;
				CLANG_CXX_LANGUAGE_STANDARD = "gnu++20";
				CLANG_ENABLE_MODULES = YES;
				CLANG_ENABLE_OBJC_ARC = YES;
				CLANG_ENABLE_OBJC_WEAK = YES;
				CLANG_WARN_BLOCK_CAPTURE_AUTORELEASING = YES;
				CLANG_WARN_BOOL_CONVERSION = YES;
				CLANG_WARN_COMMA = YES;
				CLANG_WARN_CONSTANT_CONVERSION = YES;
				CLANG_WARN_DEPRECATED_OBJC_IMPLEMENTATIONS = YES;
				CLANG_WARN_DIRECT_OBJC_ISA_USAGE = YES_ERROR;
				CLANG_WARN_DOCUMENTATION_COMMENTS = YES;
				CLANG_WARN_EMPTY_BODY = YES;
				CLANG_WARN_ENUM_CONVERSION = YES;
				CLANG_WARN_INFINITE_RECURSION = YES;
				CLANG_WARN_INT_CONVERSION = YES;
				CLANG_WARN_NON_LITERAL_NULL_CONVERSION = YES;
				CLANG_WARN_OBJC_IMPLICIT_RETAIN_SELF = YES;
				CLANG_WARN_OBJC_LITERAL_CONVERSION = YES;
				CLANG_WARN_OBJC_ROOT_CLASS = YES_ERROR;
				CLANG_WARN_QUOTED_INCLUDE_IN_FRAMEWORK_HEADER = YES;
				CLANG_WARN_RANGE_LOOP_ANALYSIS = YES;
				CLANG_WARN_STRICT_PROTOTYPES = YES;
				CLANG_WARN_SUSPICIOUS_MOVE = YES;
				CLANG_WARN_UNGUARDED_AVAILABILITY = YES_AGGRESSIVE;
				CLANG_WARN_UNREACHABLE_CODE = YES;
				CLANG_WARN__DUPLICATE_METHOD_MATCH = YES;
				COPY_PHASE_STRIP = NO;
				DEBUG_INFORMATION_FORMAT = dwarf;
				ENABLE_STRICT_OBJC_MSGSEND = YES;
				ENABLE_TESTABILITY = YES;
				ENABLE_USER_SCRIPT_SANDBOXING = YES;
				GCC_C_LANGUAGE_STANDARD = gnu17;
				GCC_DYNAMIC_NO_PIC = NO;
				GCC_NO_COMMON_BLOCKS = YES;
				GCC_OPTIMIZATION_LEVEL = 0;
				GCC_PREPROCESSOR_DEFINITIONS = (
					"DEBUG=1",
					"$(inherited)",
				);
				GCC_WARN_64_TO_32_BIT_CONVERSION = YES;
				GCC_WARN_ABOUT_RETURN_TYPE = YES_ERROR;
				GCC_WARN_UNDECLARED_SELECTOR = YES;
				GCC_WARN_UNINITIALIZED_AUTOS = YES_AGGRESSIVE;
				GCC_WARN_UNUSED_FUNCTION = YES;
				GCC_WARN_UNUSED_VARIABLE = YES;
				IPHONEOS_DEPLOYMENT_TARGET = 26.1;
				LOCALIZATION_PREFERS_STRING_CATALOGS = YES;
				MTL_ENABLE_DEBUG_INFO = INCLUDE_SOURCE;
				MTL_FAST_MATH = YES;
				ONLY_ACTIVE_ARCH = YES;
				SDKROOT = iphoneos;
				SWIFT_ACTIVE_COMPILATION_CONDITIONS = "DEBUG $(inherited)";
				SWIFT_OPTIMIZATION_LEVEL = "-Onone";
			};
			name = Debug;
		};
		3FF6D8D62F58AD73002B95D6 /* Release */ = {
			isa = XCBuildConfiguration;
			buildSettings = {
				ALWAYS_SEARCH_USER_PATHS = NO;
				ASSETCATALOG_COMPILER_GENERATE_SWIFT_ASSET_SYMBOL_EXTENSIONS = YES;
				CLANG_ANALYZER_NONNULL = YES;
				CLANG_ANALYZER_NUMBER_OBJECT_CONVERSION = YES_AGGRESSIVE;
				CLANG_CXX_LANGUAGE_STANDARD = "gnu++20";
				CLANG_ENABLE_MODULES = YES;
				CLANG_ENABLE_OBJC_ARC = YES;
				CLANG_ENABLE_OBJC_WEAK = YES;
				CLANG_WARN_BLOCK_CAPTURE_AUTORELEASING = YES;
				CLANG_WARN_BOOL_CONVERSION = YES;
				CLANG_WARN_COMMA = YES;
				CLANG_WARN_CONSTANT_CONVERSION = YES;
				CLANG_WARN_DEPRECATED_OBJC_IMPLEMENTATIONS = YES;
				CLANG_WARN_DIRECT_OBJC_ISA_USAGE = YES_ERROR;
				CLANG_WARN_DOCUMENTATION_COMMENTS = YES;
				CLANG_WARN_EMPTY_BODY = YES;
				CLANG_WARN_ENUM_CONVERSION = YES;
				CLANG_WARN_INFINITE_RECURSION = YES;
				CLANG_WARN_INT_CONVERSION = YES;
				CLANG_WARN_NON_LITERAL_NULL_CONVERSION = YES;
				CLANG_WARN_OBJC_IMPLICIT_RETAIN_SELF = YES;
				CLANG_WARN_OBJC_LITERAL_CONVERSION = YES;
				CLANG_WARN_OBJC_ROOT_CLASS = YES_ERROR;
				CLANG_WARN_QUOTED_INCLUDE_IN_FRAMEWORK_HEADER = YES;
				CLANG_WARN_RANGE_LOOP_ANALYSIS = YES;
				CLANG_WARN_STRICT_PROTOTYPES = YES;
				CLANG_WARN_SUSPICIOUS_MOVE = YES;
				CLANG_WARN_UNGUARDED_AVAILABILITY = YES_AGGRESSIVE;
				CLANG_WARN_UNREACHABLE_CODE = YES;
				CLANG_WARN__DUPLICATE_METHOD_MATCH = YES;
				COPY_PHASE_STRIP = NO;
				DEBUG_INFORMATION_FORMAT = "dwarf-with-dsym";
				ENABLE_NS_ASSERTIONS = NO;
				ENABLE_STRICT_OBJC_MSGSEND = YES;
				ENABLE_USER_SCRIPT_SANDBOXING = YES;
				GCC_C_LANGUAGE_STANDARD = gnu17;
				GCC_NO_COMMON_BLOCKS = YES;
				GCC_WARN_64_TO_32_BIT_CONVERSION = YES;
				GCC_WARN_ABOUT_RETURN_TYPE = YES_ERROR;
				GCC_WARN_UNDECLARED_SELECTOR = YES;
				GCC_WARN_UNINITIALIZED_AUTOS = YES_AGGRESSIVE;
				GCC_WARN_UNUSED_FUNCTION = YES;
				GCC_WARN_UNUSED_VARIABLE = YES;
				IPHONEOS_DEPLOYMENT_TARGET = 26.1;
				LOCALIZATION_PREFERS_STRING_CATALOGS = YES;
				MTL_ENABLE_DEBUG_INFO = NO;
				MTL_FAST_MATH = YES;
				SDKROOT = iphoneos;
				SWIFT_COMPILATION_MODE = wholemodule;
				VALIDATE_PRODUCT = YES;
			};
			name = Release;
		};
		3FF6D8D82F58AD73002B95D6 /* Debug */ = {
			isa = XCBuildConfiguration;
			buildSettings = {
				ASSETCATALOG_COMPILER_APPICON_NAME = AppIcon;
				ASSETCATALOG_COMPILER_GLOBAL_ACCENT_COLOR_NAME = AccentColor;
				CODE_SIGN_ENTITLEMENTS = SafeDial/SafeDial.entitlements;
				CODE_SIGN_STYLE = Automatic;
				CURRENT_PROJECT_VERSION = 1;
				DEVELOPMENT_TEAM = 34APX3J3ZP;
				ENABLE_PREVIEWS = YES;
				GENERATE_INFOPLIST_FILE = YES;
				INFOPLIST_FILE = SafeDial/Info.plist;
				INFOPLIST_KEY_UIApplicationSceneManifest_Generation = YES;
				INFOPLIST_KEY_UIApplicationSupportsIndirectInputEvents = YES;
				INFOPLIST_KEY_UILaunchScreen_Generation = YES;
				INFOPLIST_KEY_UISupportedInterfaceOrientations_iPad = "UIInterfaceOrientationPortrait UIInterfaceOrientationPortraitUpsideDown UIInterfaceOrientationLandscapeLeft UIInterfaceOrientationLandscapeRight";
				INFOPLIST_KEY_UISupportedInterfaceOrientations_iPhone = "UIInterfaceOrientationPortrait UIInterfaceOrientationLandscapeLeft UIInterfaceOrientationLandscapeRight";
				IPHONEOS_DEPLOYMENT_TARGET = 17.6;
				LD_RUNPATH_SEARCH_PATHS = (
					"$(inherited)",
					"@executable_path/Frameworks",
				);
				MARKETING_VERSION = 1.0;
				PRODUCT_BUNDLE_IDENTIFIER = SafeDial.SafeDial;
				PRODUCT_NAME = "$(TARGET_NAME)";
				STRING_CATALOG_GENERATE_SYMBOLS = YES;
				SWIFT_APPROACHABLE_CONCURRENCY = YES;
				SWIFT_DEFAULT_ACTOR_ISOLATION = MainActor;
				SWIFT_EMIT_LOC_STRINGS = YES;
				SWIFT_UPCOMING_FEATURE_MEMBER_IMPORT_VISIBILITY = YES;
				SWIFT_VERSION = 5.0;
				TARGETED_DEVICE_FAMILY = "1,2";
			};
			name = Debug;
		};
		3FF6D8D92F58AD73002B95D6 /* Release */ = {
			isa = XCBuildConfiguration;
			buildSettings = {
				ASSETCATALOG_COMPILER_APPICON_NAME = AppIcon;
				ASSETCATALOG_COMPILER_GLOBAL_ACCENT_COLOR_NAME = AccentColor;
				CODE_SIGN_ENTITLEMENTS = SafeDial/SafeDial.entitlements;
				CODE_SIGN_STYLE = Automatic;
				CURRENT_PROJECT_VERSION = 1;
				DEVELOPMENT_TEAM = 34APX3J3ZP;
				ENABLE_PREVIEWS = YES;
				GENERATE_INFOPLIST_FILE = YES;
				INFOPLIST_FILE = SafeDial/Info.plist;
				INFOPLIST_KEY_UIApplicationSceneManifest_Generation = YES;
				INFOPLIST_KEY_UIApplicationSupportsIndirectInputEvents = YES;
				INFOPLIST_KEY_UILaunchScreen_Generation = YES;
				INFOPLIST_KEY_UISupportedInterfaceOrientations_iPad = "UIInterfaceOrientationPortrait UIInterfaceOrientationPortraitUpsideDown UIInterfaceOrientationLandscapeLeft UIInterfaceOrientationLandscapeRight";
				INFOPLIST_KEY_UISupportedInterfaceOrientations_iPhone = "UIInterfaceOrientationPortrait UIInterfaceOrientationLandscapeLeft UIInterfaceOrientationLandscapeRight";
				IPHONEOS_DEPLOYMENT_TARGET = 17.6;
				LD_RUNPATH_SEARCH_PATHS = (
					"$(inherited)",
					"@executable_path/Frameworks",
				);
				MARKETING_VERSION = 1.0;
				PRODUCT_BUNDLE_IDENTIFIER = SafeDial.SafeDial;
				PRODUCT_NAME = "$(TARGET_NAME)";
				STRING_CATALOG_GENERATE_SYMBOLS = YES;
				SWIFT_APPROACHABLE_CONCURRENCY = YES;
				SWIFT_DEFAULT_ACTOR_ISOLATION = MainActor;
				SWIFT_EMIT_LOC_STRINGS = YES;
				SWIFT_UPCOMING_FEATURE_MEMBER_IMPORT_VISIBILITY = YES;
				SWIFT_VERSION = 5.0;
				TARGETED_DEVICE_FAMILY = "1,2";
			};
			name = Release;
		};
		3FF6D8DB2F58AD73002B95D6 /* Debug */ = {
			isa = XCBuildConfiguration;
			buildSettings = {
				BUNDLE_LOADER = "$(TEST_HOST)";
				CODE_SIGN_STYLE = Automatic;
				CURRENT_PROJECT_VERSION = 1;
				GENERATE_INFOPLIST_FILE = YES;
				IPHONEOS_DEPLOYMENT_TARGET = 26.1;
				MARKETING_VERSION = 1.0;
				PRODUCT_BUNDLE_IDENTIFIER = SafeDial.SafeDialTests;
				PRODUCT_NAME = "$(TARGET_NAME)";
				STRING_CATALOG_GENERATE_SYMBOLS = NO;
				SWIFT_APPROACHABLE_CONCURRENCY = YES;
				SWIFT_EMIT_LOC_STRINGS = NO;
				SWIFT_UPCOMING_FEATURE_MEMBER_IMPORT_VISIBILITY = YES;
				SWIFT_VERSION = 5.0;
				TARGETED_DEVICE_FAMILY = "1,2";
				TEST_HOST = "$(BUILT_PRODUCTS_DIR)/SafeDial.app/$(BUNDLE_EXECUTABLE_FOLDER_PATH)/SafeDial";
			};
			name = Debug;
		};
		3FF6D8DC2F58AD73002B95D6 /* Release */ = {
			isa = XCBuildConfiguration;
			buildSettings = {
				BUNDLE_LOADER = "$(TEST_HOST)";
				CODE_SIGN_STYLE = Automatic;
				CURRENT_PROJECT_VERSION = 1;
				GENERATE_INFOPLIST_FILE = YES;
				IPHONEOS_DEPLOYMENT_TARGET = 26.1;
				MARKETING_VERSION = 1.0;
				PRODUCT_BUNDLE_IDENTIFIER = SafeDial.SafeDialTests;
				PRODUCT_NAME = "$(TARGET_NAME)";
				STRING_CATALOG_GENERATE_SYMBOLS = NO;
				SWIFT_APPROACHABLE_CONCURRENCY = YES;
				SWIFT_EMIT_LOC_STRINGS = NO;
				SWIFT_UPCOMING_FEATURE_MEMBER_IMPORT_VISIBILITY = YES;
				SWIFT_VERSION = 5.0;
				TARGETED_DEVICE_FAMILY = "1,2";
				TEST_HOST = "$(BUILT_PRODUCTS_DIR)/SafeDial.app/$(BUNDLE_EXECUTABLE_FOLDER_PATH)/SafeDial";
			};
			name = Release;
		};
		3FF6D8DE2F58AD73002B95D6 /* Debug */ = {
			isa = XCBuildConfiguration;
			buildSettings = {
				CODE_SIGN_STYLE = Automatic;
				CURRENT_PROJECT_VERSION = 1;
				GENERATE_INFOPLIST_FILE = YES;
				MARKETING_VERSION = 1.0;
				PRODUCT_BUNDLE_IDENTIFIER = SafeDial.SafeDialUITests;
				PRODUCT_NAME = "$(TARGET_NAME)";
				STRING_CATALOG_GENERATE_SYMBOLS = NO;
				SWIFT_APPROACHABLE_CONCURRENCY = YES;
				SWIFT_EMIT_LOC_STRINGS = NO;
				SWIFT_UPCOMING_FEATURE_MEMBER_IMPORT_VISIBILITY = YES;
				SWIFT_VERSION = 5.0;
				TARGETED_DEVICE_FAMILY = "1,2";
				TEST_TARGET_NAME = SafeDial;
			};
			name = Debug;
		};
		3FF6D8DF2F58AD73002B95D6 /* Release */ = {
			isa = XCBuildConfiguration;
			buildSettings = {
				CODE_SIGN_STYLE = Automatic;
				CURRENT_PROJECT_VERSION = 1;
				GENERATE_INFOPLIST_FILE = YES;
				MARKETING_VERSION = 1.0;
				PRODUCT_BUNDLE_IDENTIFIER = SafeDial.SafeDialUITests;
				PRODUCT_NAME = "$(TARGET_NAME)";
				STRING_CATALOG_GENERATE_SYMBOLS = NO;
				SWIFT_APPROACHABLE_CONCURRENCY = YES;
				SWIFT_EMIT_LOC_STRINGS = NO;
				SWIFT_UPCOMING_FEATURE_MEMBER_IMPORT_VISIBILITY = YES;
				SWIFT_VERSION = 5.0;
				TARGETED_DEVICE_FAMILY = "1,2";
				TEST_TARGET_NAME = SafeDial;
			};
			name = Release;
		};
		3FF6D8FB2F58ADCA002B95D6 /* Debug */ = {
			isa = XCBuildConfiguration;
			buildSettings = {
				ASSETCATALOG_COMPILER_GLOBAL_ACCENT_COLOR_NAME = AccentColor;
				ASSETCATALOG_COMPILER_WIDGET_BACKGROUND_COLOR_NAME = WidgetBackground;
				CODE_SIGN_ENTITLEMENTS = MyWidgetExtension.entitlements;
				CODE_SIGN_STYLE = Automatic;
				CURRENT_PROJECT_VERSION = 1;
				DEVELOPMENT_TEAM = 34APX3J3ZP;
				GENERATE_INFOPLIST_FILE = YES;
				INFOPLIST_FILE = MyWidget/Info.plist;
				INFOPLIST_KEY_CFBundleDisplayName = MyWidget;
				INFOPLIST_KEY_NSHumanReadableCopyright = "";
				LD_RUNPATH_SEARCH_PATHS = (
					"$(inherited)",
					"@executable_path/Frameworks",
					"@executable_path/../../Frameworks",
				);
				MARKETING_VERSION = 1.0;
				PRODUCT_BUNDLE_IDENTIFIER = SafeDial.SafeDial.MyWidget;
				PRODUCT_NAME = "$(TARGET_NAME)";
				SKIP_INSTALL = YES;
				STRING_CATALOG_GENERATE_SYMBOLS = YES;
				SWIFT_APPROACHABLE_CONCURRENCY = YES;
				SWIFT_EMIT_LOC_STRINGS = YES;
				SWIFT_UPCOMING_FEATURE_MEMBER_IMPORT_VISIBILITY = YES;
				SWIFT_VERSION = 5.0;
				TARGETED_DEVICE_FAMILY = "1,2";
			};
			name = Debug;
		};
		3FF6D8FC2F58ADCA002B95D6 /* Release */ = {
			isa = XCBuildConfiguration;
			buildSettings = {
				ASSETCATALOG_COMPILER_GLOBAL_ACCENT_COLOR_NAME = AccentColor;
				ASSETCATALOG_COMPILER_WIDGET_BACKGROUND_COLOR_NAME = WidgetBackground;
				CODE_SIGN_ENTITLEMENTS = MyWidgetExtension.entitlements;
				CODE_SIGN_STYLE = Automatic;
				CURRENT_PROJECT_VERSION = 1;
				DEVELOPMENT_TEAM = 34APX3J3ZP;
				GENERATE_INFOPLIST_FILE = YES;
				INFOPLIST_FILE = MyWidget/Info.plist;
				INFOPLIST_KEY_CFBundleDisplayName = MyWidget;
				INFOPLIST_KEY_NSHumanReadableCopyright = "";
				LD_RUNPATH_SEARCH_PATHS = (
					"$(inherited)",
					"@executable_path/Frameworks",
					"@executable_path/../../Frameworks",
				);
				MARKETING_VERSION = 1.0;
				PRODUCT_BUNDLE_IDENTIFIER = SafeDial.SafeDial.MyWidget;
				PRODUCT_NAME = "$(TARGET_NAME)";
				SKIP_INSTALL = YES;
				STRING_CATALOG_GENERATE_SYMBOLS = YES;
				SWIFT_APPROACHABLE_CONCURRENCY = YES;
				SWIFT_EMIT_LOC_STRINGS = YES;
				SWIFT_UPCOMING_FEATURE_MEMBER_IMPORT_VISIBILITY = YES;
				SWIFT_VERSION = 5.0;
				TARGETED_DEVICE_FAMILY = "1,2";
			};
			name = Release;
		};
/* End XCBuildConfiguration section */

/* Begin XCConfigurationList section */
		3FF6D8B12F58AD71002B95D6 /* Build configuration list for PBXProject "SafeDial" */ = {
			isa = XCConfigurationList;
			buildConfigurations = (
				3FF6D8D52F58AD73002B95D6 /* Debug */,
				3FF6D8D62F58AD73002B95D6 /* Release */,
			);
			defaultConfigurationIsVisible = 0;
			defaultConfigurationName = Release;
		};
		3FF6D8D72F58AD73002B95D6 /* Build configuration list for PBXNativeTarget "SafeDial" */ = {
			isa = XCConfigurationList;
			buildConfigurations = (
				3FF6D8D82F58AD73002B95D6 /* Debug */,
				3FF6D8D92F58AD73002B95D6 /* Release */,
			);
			defaultConfigurationIsVisible = 0;
			defaultConfigurationName = Release;
		};
		3FF6D8DA2F58AD73002B95D6 /* Build configuration list for PBXNativeTarget "SafeDialTests" */ = {
			isa = XCConfigurationList;
			buildConfigurations = (
				3FF6D8DB2F58AD73002B95D6 /* Debug */,
				3FF6D8DC2F58AD73002B95D6 /* Release */,
			);
			defaultConfigurationIsVisible = 0;
			defaultConfigurationName = Release;
		};
		3FF6D8DD2F58AD73002B95D6 /* Build configuration list for PBXNativeTarget "SafeDialUITests" */ = {
			isa = XCConfigurationList;
			buildConfigurations = (
				3FF6D8DE2F58AD73002B95D6 /* Debug */,
				3FF6D8DF2F58AD73002B95D6 /* Release */,
			);
			defaultConfigurationIsVisible = 0;
			defaultConfigurationName = Release;
		};
		3FF6D8FA2F58ADCA002B95D6 /* Build configuration list for PBXNativeTarget "MyWidgetExtension" */ = {
			isa = XCConfigurationList;
			buildConfigurations = (
				3FF6D8FB2F58ADCA002B95D6 /* Debug */,
				3FF6D8FC2F58ADCA002B95D6 /* Release */,
			);
			defaultConfigurationIsVisible = 0;
			defaultConfigurationName = Release;
		};
/* End XCConfigurationList section */
	};
	rootObject = 3FF6D8AE2F58AD71002B95D6 /* Project object */;
}
